// !$*UTF8*$!
{
	archiveVersion = 1;
	classes = {
	};
	objectVersion = 56;
	objects = {

/* Begin PBXBuildFile section */
		88A1DDEFDC513217562F20FF /* Pods_SuckAnimalTalking.framework in Frameworks */ = {isa = PBXBuildFile; fileRef = C3B77C362DE83EDFEC45EF04 /* Pods_SuckAnimalTalking.framework */; };
		F547650C2B4D4A8700A3AEC4 /* AppDelegate.swift in Sources */ = {isa = PBXBuildFile; fileRef = F547650B2B4D4A8700A3AEC4 /* AppDelegate.swift */; };
		F547650E2B4D4A8700A3AEC4 /* SceneDelegate.swift in Sources */ = {isa = PBXBuildFile; fileRef = F547650D2B4D4A8700A3AEC4 /* SceneDelegate.swift */; };
		F54765102B4D4A8700A3AEC4 /* ViewController.swift in Sources */ = {isa = PBXBuildFile; fileRef = F547650F2B4D4A8700A3AEC4 /* ViewController.swift */; };
		F54765152B4D4A8800A3AEC4 /* Assets.xcassets in Resources */ = {isa = PBXBuildFile; fileRef = F54765142B4D4A8800A3AEC4 /* Assets.xcassets */; };
		F54765182B4D4A8800A3AEC4 /* LaunchScreen.storyboard in Resources */ = {isa = PBXBuildFile; fileRef = F54765162B4D4A8800A3AEC4 /* LaunchScreen.storyboard */; };
		F54765232B4D4A8900A3AEC4 /* SuckAnimalTalkingTests.swift in Sources */ = {isa = PBXBuildFile; fileRef = F54765222B4D4A8900A3AEC4 /* SuckAnimalTalkingTests.swift */; };
		F547652D2B4D4A8900A3AEC4 /* SuckAnimalTalkingUITests.swift in Sources */ = {isa = PBXBuildFile; fileRef = F547652C2B4D4A8900A3AEC4 /* SuckAnimalTalkingUITests.swift */; };
		F547652F2B4D4A8900A3AEC4 /* SuckAnimalTalkingUITestsLaunchTests.swift in Sources */ = {isa = PBXBuildFile; fileRef = F547652E2B4D4A8900A3AEC4 /* SuckAnimalTalkingUITestsLaunchTests.swift */; };
		F547653E2B4D4C7D00A3AEC4 /* AppCoordinator.swift in Sources */ = {isa = PBXBuildFile; fileRef = F547653D2B4D4C7D00A3AEC4 /* AppCoordinator.swift */; };
		F54765402B4D4CB700A3AEC4 /* CoordinatorDataSourceKey.swift in Sources */ = {isa = PBXBuildFile; fileRef = F547653F2B4D4CB700A3AEC4 /* CoordinatorDataSourceKey.swift */; };
		F54765482B4D503500A3AEC4 /* TestCoordinator.swift in Sources */ = {isa = PBXBuildFile; fileRef = F54765472B4D503500A3AEC4 /* TestCoordinator.swift */; };
		F547654A2B4D50B400A3AEC4 /* TestViewModel.swift in Sources */ = {isa = PBXBuildFile; fileRef = F54765492B4D50B400A3AEC4 /* TestViewModel.swift */; };
		F547654C2B4D514000A3AEC4 /* TestViewController.swift in Sources */ = {isa = PBXBuildFile; fileRef = F547654B2B4D514000A3AEC4 /* TestViewController.swift */; };
		F547654F2B4D5FC600A3AEC4 /* UISwitcherView.swift in Sources */ = {isa = PBXBuildFile; fileRef = F547654E2B4D5FC600A3AEC4 /* UISwitcherView.swift */; };
		F54765512B4DC87600A3AEC4 /* TestModel.swift in Sources */ = {isa = PBXBuildFile; fileRef = F54765502B4DC87600A3AEC4 /* TestModel.swift */; };
		F54765592B4EB05D00A3AEC4 /* UIBaseView.swift in Sources */ = {isa = PBXBuildFile; fileRef = F54765582B4EB05D00A3AEC4 /* UIBaseView.swift */; };
		F547655B2B4EB08300A3AEC4 /* UIBaseCollectionViewCell.swift in Sources */ = {isa = PBXBuildFile; fileRef = F547655A2B4EB08300A3AEC4 /* UIBaseCollectionViewCell.swift */; };
		F547655D2B4EB0AC00A3AEC4 /* UIBaseViewController.swift in Sources */ = {isa = PBXBuildFile; fileRef = F547655C2B4EB0AC00A3AEC4 /* UIBaseViewController.swift */; };
		F54765602B4EB19C00A3AEC4 /* UIViewAndGradient.swift in Sources */ = {isa = PBXBuildFile; fileRef = F547655F2B4EB19C00A3AEC4 /* UIViewAndGradient.swift */; };
		F54765622B4EB47E00A3AEC4 /* LocalizableHelper.swift in Sources */ = {isa = PBXBuildFile; fileRef = F54765612B4EB47E00A3AEC4 /* LocalizableHelper.swift */; };
		F54765652B4EB56C00A3AEC4 /* MyViewButton.swift in Sources */ = {isa = PBXBuildFile; fileRef = F54765642B4EB56C00A3AEC4 /* MyViewButton.swift */; };
		F54765672B4EB5A700A3AEC4 /* UIGlobalButton.swift in Sources */ = {isa = PBXBuildFile; fileRef = F54765662B4EB5A700A3AEC4 /* UIGlobalButton.swift */; };
		F54765692B4EB77900A3AEC4 /* TestCollectionView.swift in Sources */ = {isa = PBXBuildFile; fileRef = F54765682B4EB77900A3AEC4 /* TestCollectionView.swift */; };
		F547656B2B4EB7A400A3AEC4 /* DeviceSafeArea.swift in Sources */ = {isa = PBXBuildFile; fileRef = F547656A2B4EB7A400A3AEC4 /* DeviceSafeArea.swift */; };
		F547656E2B4EB85C00A3AEC4 /* TestCollectionCell.swift in Sources */ = {isa = PBXBuildFile; fileRef = F547656D2B4EB85C00A3AEC4 /* TestCollectionCell.swift */; };
		F54765702B4EC54500A3AEC4 /* UIViewAndShadow.swift in Sources */ = {isa = PBXBuildFile; fileRef = F547656F2B4EC54500A3AEC4 /* UIViewAndShadow.swift */; };
		F54765722B4EC5CA00A3AEC4 /* UIcollectionViewAndCellAndCellID.swift in Sources */ = {isa = PBXBuildFile; fileRef = F54765712B4EC5CA00A3AEC4 /* UIcollectionViewAndCellAndCellID.swift */; };
/* End PBXBuildFile section */

/* Begin PBXContainerItemProxy section */
		F547651F2B4D4A8900A3AEC4 /* PBXContainerItemProxy */ = {
			isa = PBXContainerItemProxy;
			containerPortal = F54765002B4D4A8700A3AEC4 /* Project object */;
			proxyType = 1;
			remoteGlobalIDString = F54765072B4D4A8700A3AEC4;
			remoteInfo = SuckAnimalTalking;
		};
		F54765292B4D4A8900A3AEC4 /* PBXContainerItemProxy */ = {
			isa = PBXContainerItemProxy;
			containerPortal = F54765002B4D4A8700A3AEC4 /* Project object */;
			proxyType = 1;
			remoteGlobalIDString = F54765072B4D4A8700A3AEC4;
			remoteInfo = SuckAnimalTalking;
		};
/* End PBXContainerItemProxy section */

/* Begin PBXFileReference section */
		093977B154FA8B0766219E20 /* Pods-SuckAnimalTalking.release.xcconfig */ = {isa = PBXFileReference; includeInIndex = 1; lastKnownFileType = text.xcconfig; name = "Pods-SuckAnimalTalking.release.xcconfig"; path = "Target Support Files/Pods-SuckAnimalTalking/Pods-SuckAnimalTalking.release.xcconfig"; sourceTree = "<group>"; };
		C3B77C362DE83EDFEC45EF04 /* Pods_SuckAnimalTalking.framework */ = {isa = PBXFileReference; explicitFileType = wrapper.framework; includeInIndex = 0; path = Pods_SuckAnimalTalking.framework; sourceTree = BUILT_PRODUCTS_DIR; };
		CBFC330AED1B7A1A838FCA03 /* Pods-SuckAnimalTalking.debug.xcconfig */ = {isa = PBXFileReference; includeInIndex = 1; lastKnownFileType = text.xcconfig; name = "Pods-SuckAnimalTalking.debug.xcconfig"; path = "Target Support Files/Pods-SuckAnimalTalking/Pods-SuckAnimalTalking.debug.xcconfig"; sourceTree = "<group>"; };
		F54765082B4D4A8700A3AEC4 /* SuckAnimalTalking.app */ = {isa = PBXFileReference; explicitFileType = wrapper.application; includeInIndex = 0; path = SuckAnimalTalking.app; sourceTree = BUILT_PRODUCTS_DIR; };
		F547650B2B4D4A8700A3AEC4 /* AppDelegate.swift */ = {isa = PBXFileReference; lastKnownFileType = sourcecode.swift; path = AppDelegate.swift; sourceTree = "<group>"; };
		F547650D2B4D4A8700A3AEC4 /* SceneDelegate.swift */ = {isa = PBXFileReference; lastKnownFileType = sourcecode.swift; path = SceneDelegate.swift; sourceTree = "<group>"; };
		F547650F2B4D4A8700A3AEC4 /* ViewController.swift */ = {isa = PBXFileReference; lastKnownFileType = sourcecode.swift; path = ViewController.swift; sourceTree = "<group>"; };
		F54765142B4D4A8800A3AEC4 /* Assets.xcassets */ = {isa = PBXFileReference; lastKnownFileType = folder.assetcatalog; path = Assets.xcassets; sourceTree = "<group>"; };
		F54765172B4D4A8800A3AEC4 /* Base */ = {isa = PBXFileReference; lastKnownFileType = file.storyboard; name = Base; path = Base.lproj/LaunchScreen.storyboard; sourceTree = "<group>"; };
		F54765192B4D4A8800A3AEC4 /* Info.plist */ = {isa = PBXFileReference; lastKnownFileType = text.plist.xml; path = Info.plist; sourceTree = "<group>"; };
		F547651E2B4D4A8900A3AEC4 /* SuckAnimalTalkingTests.xctest */ = {isa = PBXFileReference; explicitFileType = wrapper.cfbundle; includeInIndex = 0; path = SuckAnimalTalkingTests.xctest; sourceTree = BUILT_PRODUCTS_DIR; };
		F54765222B4D4A8900A3AEC4 /* SuckAnimalTalkingTests.swift */ = {isa = PBXFileReference; lastKnownFileType = sourcecode.swift; path = SuckAnimalTalkingTests.swift; sourceTree = "<group>"; };
		F54765282B4D4A8900A3AEC4 /* SuckAnimalTalkingUITests.xctest */ = {isa = PBXFileReference; explicitFileType = wrapper.cfbundle; includeInIndex = 0; path = SuckAnimalTalkingUITests.xctest; sourceTree = BUILT_PRODUCTS_DIR; };
		F547652C2B4D4A8900A3AEC4 /* SuckAnimalTalkingUITests.swift */ = {isa = PBXFileReference; lastKnownFileType = sourcecode.swift; path = SuckAnimalTalkingUITests.swift; sourceTree = "<group>"; };
		F547652E2B4D4A8900A3AEC4 /* SuckAnimalTalkingUITestsLaunchTests.swift */ = {isa = PBXFileReference; lastKnownFileType = sourcecode.swift; path = SuckAnimalTalkingUITestsLaunchTests.swift; sourceTree = "<group>"; };
		F547653D2B4D4C7D00A3AEC4 /* AppCoordinator.swift */ = {isa = PBXFileReference; lastKnownFileType = sourcecode.swift; path = AppCoordinator.swift; sourceTree = "<group>"; };
		F547653F2B4D4CB700A3AEC4 /* CoordinatorDataSourceKey.swift */ = {isa = PBXFileReference; lastKnownFileType = sourcecode.swift; path = CoordinatorDataSourceKey.swift; sourceTree = "<group>"; };
		F54765472B4D503500A3AEC4 /* TestCoordinator.swift */ = {isa = PBXFileReference; lastKnownFileType = sourcecode.swift; path = TestCoordinator.swift; sourceTree = "<group>"; };
		F54765492B4D50B400A3AEC4 /* TestViewModel.swift */ = {isa = PBXFileReference; lastKnownFileType = sourcecode.swift; path = TestViewModel.swift; sourceTree = "<group>"; };
		F547654B2B4D514000A3AEC4 /* TestViewController.swift */ = {isa = PBXFileReference; lastKnownFileType = sourcecode.swift; path = TestViewController.swift; sourceTree = "<group>"; };
		F547654E2B4D5FC600A3AEC4 /* UISwitcherView.swift */ = {isa = PBXFileReference; lastKnownFileType = sourcecode.swift; path = UISwitcherView.swift; sourceTree = "<group>"; };
		F54765502B4DC87600A3AEC4 /* TestModel.swift */ = {isa = PBXFileReference; lastKnownFileType = sourcecode.swift; path = TestModel.swift; sourceTree = "<group>"; };
		F54765582B4EB05D00A3AEC4 /* UIBaseView.swift */ = {isa = PBXFileReference; lastKnownFileType = sourcecode.swift; path = UIBaseView.swift; sourceTree = "<group>"; };
		F547655A2B4EB08300A3AEC4 /* UIBaseCollectionViewCell.swift */ = {isa = PBXFileReference; lastKnownFileType = sourcecode.swift; path = UIBaseCollectionViewCell.swift; sourceTree = "<group>"; };
		F547655C2B4EB0AC00A3AEC4 /* UIBaseViewController.swift */ = {isa = PBXFileReference; lastKnownFileType = sourcecode.swift; path = UIBaseViewController.swift; sourceTree = "<group>"; };
		F547655F2B4EB19C00A3AEC4 /* UIViewAndGradient.swift */ = {isa = PBXFileReference; lastKnownFileType = sourcecode.swift; path = UIViewAndGradient.swift; sourceTree = "<group>"; };
		F54765612B4EB47E00A3AEC4 /* LocalizableHelper.swift */ = {isa = PBXFileReference; lastKnownFileType = sourcecode.swift; path = LocalizableHelper.swift; sourceTree = "<group>"; };
		F54765642B4EB56C00A3AEC4 /* MyViewButton.swift */ = {isa = PBXFileReference; lastKnownFileType = sourcecode.swift; path = MyViewButton.swift; sourceTree = "<group>"; };
		F54765662B4EB5A700A3AEC4 /* UIGlobalButton.swift */ = {isa = PBXFileReference; lastKnownFileType = sourcecode.swift; path = UIGlobalButton.swift; sourceTree = "<group>"; };
		F54765682B4EB77900A3AEC4 /* TestCollectionView.swift */ = {isa = PBXFileReference; lastKnownFileType = sourcecode.swift; path = TestCollectionView.swift; sourceTree = "<group>"; };
		F547656A2B4EB7A400A3AEC4 /* DeviceSafeArea.swift */ = {isa = PBXFileReference; lastKnownFileType = sourcecode.swift; path = DeviceSafeArea.swift; sourceTree = "<group>"; };
		F547656D2B4EB85C00A3AEC4 /* TestCollectionCell.swift */ = {isa = PBXFileReference; lastKnownFileType = sourcecode.swift; path = TestCollectionCell.swift; sourceTree = "<group>"; };
		F547656F2B4EC54500A3AEC4 /* UIViewAndShadow.swift */ = {isa = PBXFileReference; lastKnownFileType = sourcecode.swift; path = UIViewAndShadow.swift; sourceTree = "<group>"; };
		F54765712B4EC5CA00A3AEC4 /* UIcollectionViewAndCellAndCellID.swift */ = {isa = PBXFileReference; lastKnownFileType = sourcecode.swift; path = UIcollectionViewAndCellAndCellID.swift; sourceTree = "<group>"; };
/* End PBXFileReference section */

/* Begin PBXFrameworksBuildPhase section */
		F54765052B4D4A8700A3AEC4 /* Frameworks */ = {
			isa = PBXFrameworksBuildPhase;
			buildActionMask = 2147483647;
			files = (
				88A1DDEFDC513217562F20FF /* Pods_SuckAnimalTalking.framework in Frameworks */,
			);
			runOnlyForDeploymentPostprocessing = 0;
		};
		F547651B2B4D4A8900A3AEC4 /* Frameworks */ = {
			isa = PBXFrameworksBuildPhase;
			buildActionMask = 2147483647;
			files = (
			);
			runOnlyForDeploymentPostprocessing = 0;
		};
		F54765252B4D4A8900A3AEC4 /* Frameworks */ = {
			isa = PBXFrameworksBuildPhase;
			buildActionMask = 2147483647;
			files = (
			);
			runOnlyForDeploymentPostprocessing = 0;
		};
/* End PBXFrameworksBuildPhase section */

/* Begin PBXGroup section */
		AC1D615E4277EC4B597F4889 /* Frameworks */ = {
			isa = PBXGroup;
			children = (
				C3B77C362DE83EDFEC45EF04 /* Pods_SuckAnimalTalking.framework */,
			);
			name = Frameworks;
			sourceTree = "<group>";
		};
		C2631F721F4E4FE96421DFDB /* Pods */ = {
			isa = PBXGroup;
			children = (
				CBFC330AED1B7A1A838FCA03 /* Pods-SuckAnimalTalking.debug.xcconfig */,
				093977B154FA8B0766219E20 /* Pods-SuckAnimalTalking.release.xcconfig */,
			);
			path = Pods;
			sourceTree = "<group>";
		};
		F54764FF2B4D4A8700A3AEC4 = {
			isa = PBXGroup;
			children = (
				F547655E2B4EB18300A3AEC4 /* Helpers */,
				F547654D2B4D5FA800A3AEC4 /* GlobalViews */,
				F547650A2B4D4A8700A3AEC4 /* SuckAnimalTalking */,
				F54765212B4D4A8900A3AEC4 /* SuckAnimalTalkingTests */,
				F547652B2B4D4A8900A3AEC4 /* SuckAnimalTalkingUITests */,
				F54765092B4D4A8700A3AEC4 /* Products */,
				F54765412B4D4FD000A3AEC4 /* Screens */,
				C2631F721F4E4FE96421DFDB /* Pods */,
				AC1D615E4277EC4B597F4889 /* Frameworks */,
			);
			sourceTree = "<group>";
		};
		F54765092B4D4A8700A3AEC4 /* Products */ = {
			isa = PBXGroup;
			children = (
				F54765082B4D4A8700A3AEC4 /* SuckAnimalTalking.app */,
				F547651E2B4D4A8900A3AEC4 /* SuckAnimalTalkingTests.xctest */,
				F54765282B4D4A8900A3AEC4 /* SuckAnimalTalkingUITests.xctest */,
			);
			name = Products;
			sourceTree = "<group>";
		};
		F547650A2B4D4A8700A3AEC4 /* SuckAnimalTalking */ = {
			isa = PBXGroup;
			children = (
				F547650F2B4D4A8700A3AEC4 /* ViewController.swift */,
				F547653B2B4D4B5C00A3AEC4 /* Application */,
				F54765542B4EAFCA00A3AEC4 /* GlobalViews */,
				F547653C2B4D4C6100A3AEC4 /* AppCoordiantor */,
			);
			path = SuckAnimalTalking;
			sourceTree = "<group>";
		};
		F54765212B4D4A8900A3AEC4 /* SuckAnimalTalkingTests */ = {
			isa = PBXGroup;
			children = (
				F54765222B4D4A8900A3AEC4 /* SuckAnimalTalkingTests.swift */,
			);
			path = SuckAnimalTalkingTests;
			sourceTree = "<group>";
		};
		F547652B2B4D4A8900A3AEC4 /* SuckAnimalTalkingUITests */ = {
			isa = PBXGroup;
			children = (
				F547652C2B4D4A8900A3AEC4 /* SuckAnimalTalkingUITests.swift */,
				F547652E2B4D4A8900A3AEC4 /* SuckAnimalTalkingUITestsLaunchTests.swift */,
			);
			path = SuckAnimalTalkingUITests;
			sourceTree = "<group>";
		};
		F547653B2B4D4B5C00A3AEC4 /* Application */ = {
			isa = PBXGroup;
			children = (
				F547650B2B4D4A8700A3AEC4 /* AppDelegate.swift */,
				F547650D2B4D4A8700A3AEC4 /* SceneDelegate.swift */,
				F54765142B4D4A8800A3AEC4 /* Assets.xcassets */,
				F54765162B4D4A8800A3AEC4 /* LaunchScreen.storyboard */,
				F54765192B4D4A8800A3AEC4 /* Info.plist */,
			);
			path = Application;
			sourceTree = "<group>";
		};
		F547653C2B4D4C6100A3AEC4 /* AppCoordiantor */ = {
			isa = PBXGroup;
			children = (
				F547653D2B4D4C7D00A3AEC4 /* AppCoordinator.swift */,
				F547653F2B4D4CB700A3AEC4 /* CoordinatorDataSourceKey.swift */,
			);
			path = AppCoordiantor;
			sourceTree = "<group>";
		};
		F54765412B4D4FD000A3AEC4 /* Screens */ = {
			isa = PBXGroup;
			children = (
				F54765552B4EB02600A3AEC4 /* Base */,
				F54765422B4D4FD900A3AEC4 /* Test */,
			);
			path = Screens;
			sourceTree = "<group>";
		};
		F54765422B4D4FD900A3AEC4 /* Test */ = {
			isa = PBXGroup;
			children = (
				F54765462B4D502300A3AEC4 /* Model */,
				F54765452B4D4FF800A3AEC4 /* Coordinator */,
				F54765442B4D4FF100A3AEC4 /* ViewModel */,
				F54765432B4D4FEE00A3AEC4 /* View */,
			);
			path = Test;
			sourceTree = "<group>";
		};
		F54765432B4D4FEE00A3AEC4 /* View */ = {
			isa = PBXGroup;
			children = (
				F54765522B4DC8BF00A3AEC4 /* Views */,
			);
			path = View;
			sourceTree = "<group>";
		};
		F54765442B4D4FF100A3AEC4 /* ViewModel */ = {
			isa = PBXGroup;
			children = (
				F54765492B4D50B400A3AEC4 /* TestViewModel.swift */,
			);
			path = ViewModel;
			sourceTree = "<group>";
		};
		F54765452B4D4FF800A3AEC4 /* Coordinator */ = {
			isa = PBXGroup;
			children = (
				F54765472B4D503500A3AEC4 /* TestCoordinator.swift */,
			);
			path = Coordinator;
			sourceTree = "<group>";
		};
		F54765462B4D502300A3AEC4 /* Model */ = {
			isa = PBXGroup;
			children = (
				F54765502B4DC87600A3AEC4 /* TestModel.swift */,
			);
			path = Model;
			sourceTree = "<group>";
		};
		F547654D2B4D5FA800A3AEC4 /* GlobalViews */ = {
			isa = PBXGroup;
			children = (
				F547654E2B4D5FC600A3AEC4 /* UISwitcherView.swift */,
				F54765662B4EB5A700A3AEC4 /* UIGlobalButton.swift */,
			);
			path = GlobalViews;
			sourceTree = "<group>";
		};
		F54765522B4DC8BF00A3AEC4 /* Views */ = {
			isa = PBXGroup;
			children = (
				F547654B2B4D514000A3AEC4 /* TestViewController.swift */,
				F54765632B4EB53700A3AEC4 /* MyViewButton */,
				F54765532B4DC8CE00A3AEC4 /* CollectionView */,
			);
			path = Views;
			sourceTree = "<group>";
		};
		F54765532B4DC8CE00A3AEC4 /* CollectionView */ = {
			isa = PBXGroup;
			children = (
				F54765682B4EB77900A3AEC4 /* TestCollectionView.swift */,
				F547656C2B4EB83800A3AEC4 /* Cell */,
			);
			path = CollectionView;
			sourceTree = "<group>";
		};
		F54765542B4EAFCA00A3AEC4 /* GlobalViews */ = {
			isa = PBXGroup;
			children = (
			);
			path = GlobalViews;
			sourceTree = "<group>";
		};
		F54765552B4EB02600A3AEC4 /* Base */ = {
			isa = PBXGroup;
			children = (
				F54765572B4EB04100A3AEC4 /* Controller */,
				F54765562B4EB03900A3AEC4 /* Views */,
			);
			path = Base;
			sourceTree = "<group>";
		};
		F54765562B4EB03900A3AEC4 /* Views */ = {
			isa = PBXGroup;
			children = (
				F54765582B4EB05D00A3AEC4 /* UIBaseView.swift */,
				F547655A2B4EB08300A3AEC4 /* UIBaseCollectionViewCell.swift */,
			);
			path = Views;
			sourceTree = "<group>";
		};
		F54765572B4EB04100A3AEC4 /* Controller */ = {
			isa = PBXGroup;
			children = (
				F547655C2B4EB0AC00A3AEC4 /* UIBaseViewController.swift */,
			);
			path = Controller;
			sourceTree = "<group>";
		};
		F547655E2B4EB18300A3AEC4 /* Helpers */ = {
			isa = PBXGroup;
			children = (
				F547655F2B4EB19C00A3AEC4 /* UIViewAndGradient.swift */,
				F54765612B4EB47E00A3AEC4 /* LocalizableHelper.swift */,
				F547656A2B4EB7A400A3AEC4 /* DeviceSafeArea.swift */,
				F547656F2B4EC54500A3AEC4 /* UIViewAndShadow.swift */,
				F54765712B4EC5CA00A3AEC4 /* UIcollectionViewAndCellAndCellID.swift */,
			);
			path = Helpers;
			sourceTree = "<group>";
		};
		F54765632B4EB53700A3AEC4 /* MyViewButton */ = {
			isa = PBXGroup;
			children = (
				F54765642B4EB56C00A3AEC4 /* MyViewButton.swift */,
			);
			path = MyViewButton;
			sourceTree = "<group>";
		};
		F547656C2B4EB83800A3AEC4 /* Cell */ = {
			isa = PBXGroup;
			children = (
				F547656D2B4EB85C00A3AEC4 /* TestCollectionCell.swift */,
			);
			path = Cell;
			sourceTree = "<group>";
		};
/* End PBXGroup section */

/* Begin PBXNativeTarget section */
		F54765072B4D4A8700A3AEC4 /* SuckAnimalTalking */ = {
			isa = PBXNativeTarget;
			buildConfigurationList = F54765322B4D4A8900A3AEC4 /* Build configuration list for PBXNativeTarget "SuckAnimalTalking" */;
			buildPhases = (
				106BCF0BB49D5A4F7FA36740 /* [CP] Check Pods Manifest.lock */,
				F54765042B4D4A8700A3AEC4 /* Sources */,
				F54765052B4D4A8700A3AEC4 /* Frameworks */,
				F54765062B4D4A8700A3AEC4 /* Resources */,
				9E245CAC757434E7661C2D5F /* [CP] Embed Pods Frameworks */,
			);
			buildRules = (
			);
			dependencies = (
			);
			name = SuckAnimalTalking;
			productName = SuckAnimalTalking;
			productReference = F54765082B4D4A8700A3AEC4 /* SuckAnimalTalking.app */;
			productType = "com.apple.product-type.application";
		};
		F547651D2B4D4A8900A3AEC4 /* SuckAnimalTalkingTests */ = {
			isa = PBXNativeTarget;
			buildConfigurationList = F54765352B4D4A8900A3AEC4 /* Build configuration list for PBXNativeTarget "SuckAnimalTalkingTests" */;
			buildPhases = (
				F547651A2B4D4A8900A3AEC4 /* Sources */,
				F547651B2B4D4A8900A3AEC4 /* Frameworks */,
				F547651C2B4D4A8900A3AEC4 /* Resources */,
			);
			buildRules = (
			);
			dependencies = (
				F54765202B4D4A8900A3AEC4 /* PBXTargetDependency */,
			);
			name = SuckAnimalTalkingTests;
			productName = SuckAnimalTalkingTests;
			productReference = F547651E2B4D4A8900A3AEC4 /* SuckAnimalTalkingTests.xctest */;
			productType = "com.apple.product-type.bundle.unit-test";
		};
		F54765272B4D4A8900A3AEC4 /* SuckAnimalTalkingUITests */ = {
			isa = PBXNativeTarget;
			buildConfigurationList = F54765382B4D4A8900A3AEC4 /* Build configuration list for PBXNativeTarget "SuckAnimalTalkingUITests" */;
			buildPhases = (
				F54765242B4D4A8900A3AEC4 /* Sources */,
				F54765252B4D4A8900A3AEC4 /* Frameworks */,
				F54765262B4D4A8900A3AEC4 /* Resources */,
			);
			buildRules = (
			);
			dependencies = (
				F547652A2B4D4A8900A3AEC4 /* PBXTargetDependency */,
			);
			name = SuckAnimalTalkingUITests;
			productName = SuckAnimalTalkingUITests;
			productReference = F54765282B4D4A8900A3AEC4 /* SuckAnimalTalkingUITests.xctest */;
			productType = "com.apple.product-type.bundle.ui-testing";
		};
/* End PBXNativeTarget section */

/* Begin PBXProject section */
		F54765002B4D4A8700A3AEC4 /* Project object */ = {
			isa = PBXProject;
			attributes = {
				BuildIndependentTargetsInParallel = 1;
				LastSwiftUpdateCheck = 1500;
				LastUpgradeCheck = 1500;
				TargetAttributes = {
					F54765072B4D4A8700A3AEC4 = {
						CreatedOnToolsVersion = 15.0;
					};
					F547651D2B4D4A8900A3AEC4 = {
						CreatedOnToolsVersion = 15.0;
						TestTargetID = F54765072B4D4A8700A3AEC4;
					};
					F54765272B4D4A8900A3AEC4 = {
						CreatedOnToolsVersion = 15.0;
						TestTargetID = F54765072B4D4A8700A3AEC4;
					};
				};
			};
			buildConfigurationList = F54765032B4D4A8700A3AEC4 /* Build configuration list for PBXProject "SuckAnimalTalking" */;
			compatibilityVersion = "Xcode 14.0";
			developmentRegion = en;
			hasScannedForEncodings = 0;
			knownRegions = (
				en,
				Base,
			);
			mainGroup = F54764FF2B4D4A8700A3AEC4;
			productRefGroup = F54765092B4D4A8700A3AEC4 /* Products */;
			projectDirPath = "";
			projectRoot = "";
			targets = (
				F54765072B4D4A8700A3AEC4 /* SuckAnimalTalking */,
				F547651D2B4D4A8900A3AEC4 /* SuckAnimalTalkingTests */,
				F54765272B4D4A8900A3AEC4 /* SuckAnimalTalkingUITests */,
			);
		};
/* End PBXProject section */

/* Begin PBXResourcesBuildPhase section */
		F54765062B4D4A8700A3AEC4 /* Resources */ = {
			isa = PBXResourcesBuildPhase;
			buildActionMask = 2147483647;
			files = (
				F54765182B4D4A8800A3AEC4 /* LaunchScreen.storyboard in Resources */,
				F54765152B4D4A8800A3AEC4 /* Assets.xcassets in Resources */,
			);
			runOnlyForDeploymentPostprocessing = 0;
		};
		F547651C2B4D4A8900A3AEC4 /* Resources */ = {
			isa = PBXResourcesBuildPhase;
			buildActionMask = 2147483647;
			files = (
			);
			runOnlyForDeploymentPostprocessing = 0;
		};
		F54765262B4D4A8900A3AEC4 /* Resources */ = {
			isa = PBXResourcesBuildPhase;
			buildActionMask = 2147483647;
			files = (
			);
			runOnlyForDeploymentPostprocessing = 0;
		};
/* End PBXResourcesBuildPhase section */

/* Begin PBXShellScriptBuildPhase section */
		106BCF0BB49D5A4F7FA36740 /* [CP] Check Pods Manifest.lock */ = {
			isa = PBXShellScriptBuildPhase;
			buildActionMask = 2147483647;
			files = (
			);
			inputFileListPaths = (
			);
			inputPaths = (
				"${PODS_PODFILE_DIR_PATH}/Podfile.lock",
				"${PODS_ROOT}/Manifest.lock",
			);
			name = "[CP] Check Pods Manifest.lock";
			outputFileListPaths = (
			);
			outputPaths = (
				"$(DERIVED_FILE_DIR)/Pods-SuckAnimalTalking-checkManifestLockResult.txt",
			);
			runOnlyForDeploymentPostprocessing = 0;
			shellPath = /bin/sh;
			shellScript = "diff \"${PODS_PODFILE_DIR_PATH}/Podfile.lock\" \"${PODS_ROOT}/Manifest.lock\" > /dev/null\nif [ $? != 0 ] ; then\n    # print error to STDERR\n    echo \"error: The sandbox is not in sync with the Podfile.lock. Run 'pod install' or update your CocoaPods installation.\" >&2\n    exit 1\nfi\n# This output is used by Xcode 'outputs' to avoid re-running this script phase.\necho \"SUCCESS\" > \"${SCRIPT_OUTPUT_FILE_0}\"\n";
			showEnvVarsInLog = 0;
		};
		9E245CAC757434E7661C2D5F /* [CP] Embed Pods Frameworks */ = {
			isa = PBXShellScriptBuildPhase;
			buildActionMask = 2147483647;
			files = (
			);
			inputFileListPaths = (
				"${PODS_ROOT}/Target Support Files/Pods-SuckAnimalTalking/Pods-SuckAnimalTalking-frameworks-${CONFIGURATION}-input-files.xcfilelist",
			);
			name = "[CP] Embed Pods Frameworks";
			outputFileListPaths = (
				"${PODS_ROOT}/Target Support Files/Pods-SuckAnimalTalking/Pods-SuckAnimalTalking-frameworks-${CONFIGURATION}-output-files.xcfilelist",
			);
			runOnlyForDeploymentPostprocessing = 0;
			shellPath = /bin/sh;
			shellScript = "\"${PODS_ROOT}/Target Support Files/Pods-SuckAnimalTalking/Pods-SuckAnimalTalking-frameworks.sh\"\n";
			showEnvVarsInLog = 0;
		};
/* End PBXShellScriptBuildPhase section */

/* Begin PBXSourcesBuildPhase section */
		F54765042B4D4A8700A3AEC4 /* Sources */ = {
			isa = PBXSourcesBuildPhase;
			buildActionMask = 2147483647;
			files = (
				F547654F2B4D5FC600A3AEC4 /* UISwitcherView.swift in Sources */,
				F547655B2B4EB08300A3AEC4 /* UIBaseCollectionViewCell.swift in Sources */,
				F54765622B4EB47E00A3AEC4 /* LocalizableHelper.swift in Sources */,
				F547653E2B4D4C7D00A3AEC4 /* AppCoordinator.swift in Sources */,
				F54765672B4EB5A700A3AEC4 /* UIGlobalButton.swift in Sources */,
				F54765722B4EC5CA00A3AEC4 /* UIcollectionViewAndCellAndCellID.swift in Sources */,
				F54765592B4EB05D00A3AEC4 /* UIBaseView.swift in Sources */,
				F54765102B4D4A8700A3AEC4 /* ViewController.swift in Sources */,
				F547654C2B4D514000A3AEC4 /* TestViewController.swift in Sources */,
				F54765602B4EB19C00A3AEC4 /* UIViewAndGradient.swift in Sources */,
				F547650C2B4D4A8700A3AEC4 /* AppDelegate.swift in Sources */,
				F54765402B4D4CB700A3AEC4 /* CoordinatorDataSourceKey.swift in Sources */,
				F547656B2B4EB7A400A3AEC4 /* DeviceSafeArea.swift in Sources */,
				F54765652B4EB56C00A3AEC4 /* MyViewButton.swift in Sources */,
				F54765482B4D503500A3AEC4 /* TestCoordinator.swift in Sources */,
				F547656E2B4EB85C00A3AEC4 /* TestCollectionCell.swift in Sources */,
				F54765512B4DC87600A3AEC4 /* TestModel.swift in Sources */,
				F547654A2B4D50B400A3AEC4 /* TestViewModel.swift in Sources */,
				F547655D2B4EB0AC00A3AEC4 /* UIBaseViewController.swift in Sources */,
				F54765692B4EB77900A3AEC4 /* TestCollectionView.swift in Sources */,
				F54765702B4EC54500A3AEC4 /* UIViewAndShadow.swift in Sources */,
				F547650E2B4D4A8700A3AEC4 /* SceneDelegate.swift in Sources */,
			);
			runOnlyForDeploymentPostprocessing = 0;
		};
		F547651A2B4D4A8900A3AEC4 /* Sources */ = {
			isa = PBXSourcesBuildPhase;
			buildActionMask = 2147483647;
			files = (
				F54765232B4D4A8900A3AEC4 /* SuckAnimalTalkingTests.swift in Sources */,
			);
			runOnlyForDeploymentPostprocessing = 0;
		};
		F54765242B4D4A8900A3AEC4 /* Sources */ = {
			isa = PBXSourcesBuildPhase;
			buildActionMask = 2147483647;
			files = (
				F547652D2B4D4A8900A3AEC4 /* SuckAnimalTalkingUITests.swift in Sources */,
				F547652F2B4D4A8900A3AEC4 /* SuckAnimalTalkingUITestsLaunchTests.swift in Sources */,
			);
			runOnlyForDeploymentPostprocessing = 0;
		};
/* End PBXSourcesBuildPhase section */

/* Begin PBXTargetDependency section */
		F54765202B4D4A8900A3AEC4 /* PBXTargetDependency */ = {
			isa = PBXTargetDependency;
			target = F54765072B4D4A8700A3AEC4 /* SuckAnimalTalking */;
			targetProxy = F547651F2B4D4A8900A3AEC4 /* PBXContainerItemProxy */;
		};
		F547652A2B4D4A8900A3AEC4 /* PBXTargetDependency */ = {
			isa = PBXTargetDependency;
			target = F54765072B4D4A8700A3AEC4 /* SuckAnimalTalking */;
			targetProxy = F54765292B4D4A8900A3AEC4 /* PBXContainerItemProxy */;
		};
/* End PBXTargetDependency section */

/* Begin PBXVariantGroup section */
		F54765162B4D4A8800A3AEC4 /* LaunchScreen.storyboard */ = {
			isa = PBXVariantGroup;
			children = (
				F54765172B4D4A8800A3AEC4 /* Base */,
			);
			name = LaunchScreen.storyboard;
			sourceTree = "<group>";
		};
/* End PBXVariantGroup section */

/* Begin XCBuildConfiguration section */
		F54765302B4D4A8900A3AEC4 /* Debug */ = {
			isa = XCBuildConfiguration;
			buildSettings = {
				ALWAYS_SEARCH_USER_PATHS = NO;
				ASSETCATALOG_COMPILER_GENERATE_SWIFT_ASSET_SYMBOL_EXTENSIONS = YES;
				CLANG_ANALYZER_NONNULL = YES;
				CLANG_ANALYZER_NUMBER_OBJECT_CONVERSION = YES_AGGRESSIVE;
				CLANG_CXX_LANGUAGE_STANDARD = "gnu++20";
				CLANG_ENABLE_MODULES = YES;
				CLANG_ENABLE_OBJC_ARC = YES;
				CLANG_ENABLE_OBJC_WEAK = YES;
				CLANG_WARN_BLOCK_CAPTURE_AUTORELEASING = YES;
				CLANG_WARN_BOOL_CONVERSION = YES;
				CLANG_WARN_COMMA = YES;
				CLANG_WARN_CONSTANT_CONVERSION = YES;
				CLANG_WARN_DEPRECATED_OBJC_IMPLEMENTATIONS = YES;
				CLANG_WARN_DIRECT_OBJC_ISA_USAGE = YES_ERROR;
				CLANG_WARN_DOCUMENTATION_COMMENTS = YES;
				CLANG_WARN_EMPTY_BODY = YES;
				CLANG_WARN_ENUM_CONVERSION = YES;
				CLANG_WARN_INFINITE_RECURSION = YES;
				CLANG_WARN_INT_CONVERSION = YES;
				CLANG_WARN_NON_LITERAL_NULL_CONVERSION = YES;
				CLANG_WARN_OBJC_IMPLICIT_RETAIN_SELF = YES;
				CLANG_WARN_OBJC_LITERAL_CONVERSION = YES;
				CLANG_WARN_OBJC_ROOT_CLASS = YES_ERROR;
				CLANG_WARN_QUOTED_INCLUDE_IN_FRAMEWORK_HEADER = YES;
				CLANG_WARN_RANGE_LOOP_ANALYSIS = YES;
				CLANG_WARN_STRICT_PROTOTYPES = YES;
				CLANG_WARN_SUSPICIOUS_MOVE = YES;
				CLANG_WARN_UNGUARDED_AVAILABILITY = YES_AGGRESSIVE;
				CLANG_WARN_UNREACHABLE_CODE = YES;
				CLANG_WARN__DUPLICATE_METHOD_MATCH = YES;
				COPY_PHASE_STRIP = NO;
				DEBUG_INFORMATION_FORMAT = dwarf;
				ENABLE_STRICT_OBJC_MSGSEND = YES;
				ENABLE_TESTABILITY = YES;
				ENABLE_USER_SCRIPT_SANDBOXING = NO;
				GCC_C_LANGUAGE_STANDARD = gnu17;
				GCC_DYNAMIC_NO_PIC = NO;
				GCC_NO_COMMON_BLOCKS = YES;
				GCC_OPTIMIZATION_LEVEL = 0;
				GCC_PREPROCESSOR_DEFINITIONS = (
					"DEBUG=1",
					"$(inherited)",
				);
				GCC_WARN_64_TO_32_BIT_CONVERSION = YES;
				GCC_WARN_ABOUT_RETURN_TYPE = YES_ERROR;
				GCC_WARN_UNDECLARED_SELECTOR = YES;
				GCC_WARN_UNINITIALIZED_AUTOS = YES_AGGRESSIVE;
				GCC_WARN_UNUSED_FUNCTION = YES;
				GCC_WARN_UNUSED_VARIABLE = YES;
				IPHONEOS_DEPLOYMENT_TARGET = 17.0;
				LOCALIZATION_PREFERS_STRING_CATALOGS = YES;
				MTL_ENABLE_DEBUG_INFO = INCLUDE_SOURCE;
				MTL_FAST_MATH = YES;
				ONLY_ACTIVE_ARCH = YES;
				SDKROOT = iphoneos;
				SWIFT_ACTIVE_COMPILATION_CONDITIONS = "DEBUG $(inherited)";
				SWIFT_OPTIMIZATION_LEVEL = "-Onone";
			};
			name = Debug;
		};
		F54765312B4D4A8900A3AEC4 /* Release */ = {
			isa = XCBuildConfiguration;
			buildSettings = {
				ALWAYS_SEARCH_USER_PATHS = NO;
				ASSETCATALOG_COMPILER_GENERATE_SWIFT_ASSET_SYMBOL_EXTENSIONS = YES;
				CLANG_ANALYZER_NONNULL = YES;
				CLANG_ANALYZER_NUMBER_OBJECT_CONVERSION = YES_AGGRESSIVE;
				CLANG_CXX_LANGUAGE_STANDARD = "gnu++20";
				CLANG_ENABLE_MODULES = YES;
				CLANG_ENABLE_OBJC_ARC = YES;
				CLANG_ENABLE_OBJC_WEAK = YES;
				CLANG_WARN_BLOCK_CAPTURE_AUTORELEASING = YES;
				CLANG_WARN_BOOL_CONVERSION = YES;
				CLANG_WARN_COMMA = YES;
				CLANG_WARN_CONSTANT_CONVERSION = YES;
				CLANG_WARN_DEPRECATED_OBJC_IMPLEMENTATIONS = YES;
				CLANG_WARN_DIRECT_OBJC_ISA_USAGE = YES_ERROR;
				CLANG_WARN_DOCUMENTATION_COMMENTS = YES;
				CLANG_WARN_EMPTY_BODY = YES;
				CLANG_WARN_ENUM_CONVERSION = YES;
				CLANG_WARN_INFINITE_RECURSION = YES;
				CLANG_WARN_INT_CONVERSION = YES;
				CLANG_WARN_NON_LITERAL_NULL_CONVERSION = YES;
				CLANG_WARN_OBJC_IMPLICIT_RETAIN_SELF = YES;
				CLANG_WARN_OBJC_LITERAL_CONVERSION = YES;
				CLANG_WARN_OBJC_ROOT_CLASS = YES_ERROR;
				CLANG_WARN_QUOTED_INCLUDE_IN_FRAMEWORK_HEADER = YES;
				CLANG_WARN_RANGE_LOOP_ANALYSIS = YES;
				CLANG_WARN_STRICT_PROTOTYPES = YES;
				CLANG_WARN_SUSPICIOUS_MOVE = YES;
				CLANG_WARN_UNGUARDED_AVAILABILITY = YES_AGGRESSIVE;
				CLANG_WARN_UNREACHABLE_CODE = YES;
				CLANG_WARN__DUPLICATE_METHOD_MATCH = YES;
				COPY_PHASE_STRIP = NO;
				DEBUG_INFORMATION_FORMAT = "dwarf-with-dsym";
				ENABLE_NS_ASSERTIONS = NO;
				ENABLE_STRICT_OBJC_MSGSEND = YES;
				ENABLE_USER_SCRIPT_SANDBOXING = NO;
				GCC_C_LANGUAGE_STANDARD = gnu17;
				GCC_NO_COMMON_BLOCKS = YES;
				GCC_WARN_64_TO_32_BIT_CONVERSION = YES;
				GCC_WARN_ABOUT_RETURN_TYPE = YES_ERROR;
				GCC_WARN_UNDECLARED_SELECTOR = YES;
				GCC_WARN_UNINITIALIZED_AUTOS = YES_AGGRESSIVE;
				GCC_WARN_UNUSED_FUNCTION = YES;
				GCC_WARN_UNUSED_VARIABLE = YES;
				IPHONEOS_DEPLOYMENT_TARGET = 17.0;
				LOCALIZATION_PREFERS_STRING_CATALOGS = YES;
				MTL_ENABLE_DEBUG_INFO = NO;
				MTL_FAST_MATH = YES;
				SDKROOT = iphoneos;
				SWIFT_COMPILATION_MODE = wholemodule;
				VALIDATE_PRODUCT = YES;
			};
			name = Release;
		};
		F54765332B4D4A8900A3AEC4 /* Debug */ = {
			isa = XCBuildConfiguration;
			baseConfigurationReference = CBFC330AED1B7A1A838FCA03 /* Pods-SuckAnimalTalking.debug.xcconfig */;
			buildSettings = {
				ASSETCATALOG_COMPILER_APPICON_NAME = AppIcon;
				ASSETCATALOG_COMPILER_GLOBAL_ACCENT_COLOR_NAME = AccentColor;
				CODE_SIGN_STYLE = Automatic;
				CURRENT_PROJECT_VERSION = 1;
				DEVELOPMENT_TEAM = QYJ996Y32P;
				GENERATE_INFOPLIST_FILE = YES;
				INFOPLIST_FILE = SuckAnimalTalking/Info.plist;
				INFOPLIST_KEY_UIApplicationSupportsIndirectInputEvents = YES;
				INFOPLIST_KEY_UILaunchStoryboardName = LaunchScreen;
				INFOPLIST_KEY_UISupportedInterfaceOrientations_iPad = "UIInterfaceOrientationPortrait UIInterfaceOrientationPortraitUpsideDown UIInterfaceOrientationLandscapeLeft UIInterfaceOrientationLandscapeRight";
				INFOPLIST_KEY_UISupportedInterfaceOrientations_iPhone = "UIInterfaceOrientationPortrait UIInterfaceOrientationLandscapeLeft UIInterfaceOrientationLandscapeRight";
				LD_RUNPATH_SEARCH_PATHS = (
					"$(inherited)",
					"@executable_path/Frameworks",
				);
				MARKETING_VERSION = 1.0;
				PRODUCT_BUNDLE_IDENTIFIER = vladislavikys.SuckAnimalTalking;
				PRODUCT_NAME = "$(TARGET_NAME)";
				SWIFT_EMIT_LOC_STRINGS = YES;
				SWIFT_VERSION = 5.0;
				TARGETED_DEVICE_FAMILY = "1,2";
			};
			name = Debug;
		};
		F54765342B4D4A8900A3AEC4 /* Release */ = {
			isa = XCBuildConfiguration;
			baseConfigurationReference = 093977B154FA8B0766219E20 /* Pods-SuckAnimalTalking.release.xcconfig */;
			buildSettings = {
				ASSETCATALOG_COMPILER_APPICON_NAME = AppIcon;
				ASSETCATALOG_COMPILER_GLOBAL_ACCENT_COLOR_NAME = AccentColor;
				CODE_SIGN_STYLE = Automatic;
				CURRENT_PROJECT_VERSION = 1;
				DEVELOPMENT_TEAM = QYJ996Y32P;
				GENERATE_INFOPLIST_FILE = YES;
				INFOPLIST_FILE = SuckAnimalTalking/Info.plist;
				INFOPLIST_KEY_UIApplicationSupportsIndirectInputEvents = YES;
				INFOPLIST_KEY_UILaunchStoryboardName = LaunchScreen;
				INFOPLIST_KEY_UISupportedInterfaceOrientations_iPad = "UIInterfaceOrientationPortrait UIInterfaceOrientationPortraitUpsideDown UIInterfaceOrientationLandscapeLeft UIInterfaceOrientationLandscapeRight";
				INFOPLIST_KEY_UISupportedInterfaceOrientations_iPhone = "UIInterfaceOrientationPortrait UIInterfaceOrientationLandscapeLeft UIInterfaceOrientationLandscapeRight";
				LD_RUNPATH_SEARCH_PATHS = (
					"$(inherited)",
					"@executable_path/Frameworks",
				);
				MARKETING_VERSION = 1.0;
				PRODUCT_BUNDLE_IDENTIFIER = vladislavikys.SuckAnimalTalking;
				PRODUCT_NAME = "$(TARGET_NAME)";
				SWIFT_EMIT_LOC_STRINGS = YES;
				SWIFT_VERSION = 5.0;
				TARGETED_DEVICE_FAMILY = "1,2";
			};
			name = Release;
		};
		F54765362B4D4A8900A3AEC4 /* Debug */ = {
			isa = XCBuildConfiguration;
			buildSettings = {
				ALWAYS_EMBED_SWIFT_STANDARD_LIBRARIES = YES;
				BUNDLE_LOADER = "$(TEST_HOST)";
				CODE_SIGN_STYLE = Automatic;
				CURRENT_PROJECT_VERSION = 1;
				DEVELOPMENT_TEAM = QYJ996Y32P;
				GENERATE_INFOPLIST_FILE = YES;
				IPHONEOS_DEPLOYMENT_TARGET = 17.0;
				MARKETING_VERSION = 1.0;
				PRODUCT_BUNDLE_IDENTIFIER = vladislavikys.SuckAnimalTalkingTests;
				PRODUCT_NAME = "$(TARGET_NAME)";
				SWIFT_EMIT_LOC_STRINGS = NO;
				SWIFT_VERSION = 5.0;
				TARGETED_DEVICE_FAMILY = "1,2";
				TEST_HOST = "$(BUILT_PRODUCTS_DIR)/SuckAnimalTalking.app/$(BUNDLE_EXECUTABLE_FOLDER_PATH)/SuckAnimalTalking";
			};
			name = Debug;
		};
		F54765372B4D4A8900A3AEC4 /* Release */ = {
			isa = XCBuildConfiguration;
			buildSettings = {
				ALWAYS_EMBED_SWIFT_STANDARD_LIBRARIES = YES;
				BUNDLE_LOADER = "$(TEST_HOST)";
				CODE_SIGN_STYLE = Automatic;
				CURRENT_PROJECT_VERSION = 1;
				DEVELOPMENT_TEAM = QYJ996Y32P;
				GENERATE_INFOPLIST_FILE = YES;
				IPHONEOS_DEPLOYMENT_TARGET = 17.0;
				MARKETING_VERSION = 1.0;
				PRODUCT_BUNDLE_IDENTIFIER = vladislavikys.SuckAnimalTalkingTests;
				PRODUCT_NAME = "$(TARGET_NAME)";
				SWIFT_EMIT_LOC_STRINGS = NO;
				SWIFT_VERSION = 5.0;
				TARGETED_DEVICE_FAMILY = "1,2";
				TEST_HOST = "$(BUILT_PRODUCTS_DIR)/SuckAnimalTalking.app/$(BUNDLE_EXECUTABLE_FOLDER_PATH)/SuckAnimalTalking";
			};
			name = Release;
		};
		F54765392B4D4A8900A3AEC4 /* Debug */ = {
			isa = XCBuildConfiguration;
			buildSettings = {
				ALWAYS_EMBED_SWIFT_STANDARD_LIBRARIES = YES;
				CODE_SIGN_STYLE = Automatic;
				CURRENT_PROJECT_VERSION = 1;
				DEVELOPMENT_TEAM = QYJ996Y32P;
				GENERATE_INFOPLIST_FILE = YES;
				MARKETING_VERSION = 1.0;
				PRODUCT_BUNDLE_IDENTIFIER = vladislavikys.SuckAnimalTalkingUITests;
				PRODUCT_NAME = "$(TARGET_NAME)";
				SWIFT_EMIT_LOC_STRINGS = NO;
				SWIFT_VERSION = 5.0;
				TARGETED_DEVICE_FAMILY = "1,2";
				TEST_TARGET_NAME = SuckAnimalTalking;
			};
			name = Debug;
		};
		F547653A2B4D4A8900A3AEC4 /* Release */ = {
			isa = XCBuildConfiguration;
			buildSettings = {
				ALWAYS_EMBED_SWIFT_STANDARD_LIBRARIES = YES;
				CODE_SIGN_STYLE = Automatic;
				CURRENT_PROJECT_VERSION = 1;
				DEVELOPMENT_TEAM = QYJ996Y32P;
				GENERATE_INFOPLIST_FILE = YES;
				MARKETING_VERSION = 1.0;
				PRODUCT_BUNDLE_IDENTIFIER = vladislavikys.SuckAnimalTalkingUITests;
				PRODUCT_NAME = "$(TARGET_NAME)";
				SWIFT_EMIT_LOC_STRINGS = NO;
				SWIFT_VERSION = 5.0;
				TARGETED_DEVICE_FAMILY = "1,2";
				TEST_TARGET_NAME = SuckAnimalTalking;
			};
			name = Release;
		};
/* End XCBuildConfiguration section */

/* Begin XCConfigurationList section */
		F54765032B4D4A8700A3AEC4 /* Build configuration list for PBXProject "SuckAnimalTalking" */ = {
			isa = XCConfigurationList;
			buildConfigurations = (
				F54765302B4D4A8900A3AEC4 /* Debug */,
				F54765312B4D4A8900A3AEC4 /* Release */,
			);
			defaultConfigurationIsVisible = 0;
			defaultConfigurationName = Release;
		};
		F54765322B4D4A8900A3AEC4 /* Build configuration list for PBXNativeTarget "SuckAnimalTalking" */ = {
			isa = XCConfigurationList;
			buildConfigurations = (
				F54765332B4D4A8900A3AEC4 /* Debug */,
				F54765342B4D4A8900A3AEC4 /* Release */,
			);
			defaultConfigurationIsVisible = 0;
			defaultConfigurationName = Release;
		};
		F54765352B4D4A8900A3AEC4 /* Build configuration list for PBXNativeTarget "SuckAnimalTalkingTests" */ = {
			isa = XCConfigurationList;
			buildConfigurations = (
				F54765362B4D4A8900A3AEC4 /* Debug */,
				F54765372B4D4A8900A3AEC4 /* Release */,
			);
			defaultConfigurationIsVisible = 0;
			defaultConfigurationName = Release;
		};
		F54765382B4D4A8900A3AEC4 /* Build configuration list for PBXNativeTarget "SuckAnimalTalkingUITests" */ = {
			isa = XCConfigurationList;
			buildConfigurations = (
				F54765392B4D4A8900A3AEC4 /* Debug */,
				F547653A2B4D4A8900A3AEC4 /* Release */,
			);
			defaultConfigurationIsVisible = 0;
			defaultConfigurationName = Release;
		};
/* End XCConfigurationList section */
	};
	rootObject = F54765002B4D4A8700A3AEC4 /* Project object */;
}
